
Microsoft Visual Studio Solution File, Format Version 12.00
# Visual Studio Version 17
VisualStudioVersion = 17.2.32519.379
MinimumVisualStudioVersion = 10.0.40219.1
Project("{8BC9CEB8-8B4A-11D0-8D11-00A0C91BC942}") = "Lecture03", "Lecture03\Lecture03.vcxproj", "{E1BBE045-DF5E-4C54-BCB7-1C843A4C047D}"
EndProject
Global
	GlobalSection(SolutionConfigurationPlatforms) = preSolution
		Debug|x64 = Debug|x64
		Debug|x86 = Debug|x86
		Release|x64 = Release|x64
		Release|x86 = Release|x86
	EndGlobalSection
	GlobalSection(ProjectConfigurationPlatforms) = postSolution
		{E1BBE045-DF5E-4C54-BCB7-1C843A4C047D}.Debug|x64.ActiveCfg = Debug|x64
		{E1BBE045-DF5E-4C54-BCB7-1C843A4C047D}.Debug|x64.Build.0 = Debug|x64
		{E1BBE045-DF5E-4C54-BCB7-1C843A4C047D}.Debug|x86.ActiveCfg = Debug|Win32
		{E1BBE045-DF5E-4C54-BCB7-1C843A4C047D}.Debug|x86.Build.0 = Debug|Win32
		{E1BBE045-DF5E-4C54-BCB7-1C843A4C047D}.Release|x64.ActiveCfg = Release|x64
		{E1BBE045-DF5E-4C54-BCB7-1C843A4C047D}.Release|x64.Build.0 = Release|x64
		{E1BBE045-DF5E-4C54-BCB7-1C843A4C047D}.Release|x86.ActiveCfg = Release|Win32
		{E1BBE045-DF5E-4C54-BCB7-1C843A4C047D}.Release|x86.Build.0 = Release|Win32
	EndGlobalSection
	GlobalSection(SolutionProperties) = preSolution
		HideSolutionNode = FALSE
	EndGlobalSection
	GlobalSection(ExtensibilityGlobals) = postSolution
		SolutionGuid = {959E6A9C-5964-4EEA-B234-C251D51BF5C5}
	EndGlobalSection
EndGlobal
